# This file is @generated by PDM.
# It is not intended for manual editing.

[[package]]
name = "python-dotenv"
version = "1.0.0"
requires_python = ">=3.8"
summary = "Read key-value pairs from a .env file and set them as environment variables"

[metadata]
lock_version = "4.2"
cross_platform = true
groups = ["default"]
content_hash = "sha256:aac739be3f089cff4e8969a470628ac33cad977272203b3db519c09c4eaa450e"

[metadata.files]
"python-dotenv 1.0.0" = [
    {url = "https://files.pythonhosted.org/packages/31/06/1ef763af20d0572c032fa22882cfbfb005fba6e7300715a37840858c919e/python-dotenv-1.0.0.tar.gz", hash = "sha256:a8df96034aae6d2d50a4ebe8216326c61c3eb64836776504fcca410e5937a3ba"},
    {url = "https://files.pythonhosted.org/packages/44/2f/62ea1c8b593f4e093cc1a7768f0d46112107e790c3e478532329e434f00b/python_dotenv-1.0.0-py3-none-any.whl", hash = "sha256:f5971a9226b701070a4bf2c38c89e5a3f0d64de8debda981d1db98583009122a"},
]
