# This file is @generated by PDM.
# It is not intended for manual editing.

[[package]]
name = "imaplib2"
version = "3.6"
requires_python = ">=3.6"
summary = "A threaded Python IMAP4 client."

[metadata]
lock_version = "4.2"
cross_platform = true
groups = ["default"]
content_hash = "sha256:69f4e0cc924b678635b5f6aacee6a2a5ad16b6b36ac5a3d42475b1e2319ead2b"

[metadata.files]
"imaplib2 3.6" = [
    {url = "https://files.pythonhosted.org/packages/58/34/1d99fbeaca781cf9c6d6f1a30966429dcdc3bd86366e6fe25773b35d1473/imaplib2-3.6-py3-none-any.whl", hash = "sha256:8d51b9bf6b7be99ea3caf4503bb15c7299f626b8d2bb6139e6055cf2613aac6a"},
    {url = "https://files.pythonhosted.org/packages/e4/1a/4ccb857f4832d2836a8c996f18fa7bcad19bfdf1a375dfa12e29dbe0e44a/imaplib2-3.6.tar.gz", hash = "sha256:96cb485b31868a242cb98d5c5dc67b39b22a6359f30316de536060488e581e5b"},
]
